
Microsoft Visual Studio Solution File, Format Version 12.00
# Visual Studio Version 17
VisualStudioVersion = 17.2.32616.157
MinimumVisualStudioVersion = 10.0.40219.1
Project("{FAE04EC0-301F-11D3-BF4B-00C04F79EFBC}") = "ProductApi", "ProductApi\ProductApi.csproj", "{50C9ACB4-A78C-4720-9019-566A38388644}"
EndProject
Global
	GlobalSection(SolutionConfigurationPlatforms) = preSolution
		Debug|Any CPU = Debug|Any CPU
		Release|Any CPU = Release|Any CPU
	EndGlobalSection
	GlobalSection(ProjectConfigurationPlatforms) = postSolution
		{50C9ACB4-A78C-4720-9019-566A38388644}.Debug|Any CPU.ActiveCfg = Debug|Any CPU
		{50C9ACB4-A78C-4720-9019-566A38388644}.Debug|Any CPU.Build.0 = Debug|Any CPU
		{50C9ACB4-A78C-4720-9019-566A38388644}.Release|Any CPU.ActiveCfg = Release|Any CPU
		{50C9ACB4-A78C-4720-9019-566A38388644}.Release|Any CPU.Build.0 = Release|Any CPU
	EndGlobalSection
	GlobalSection(SolutionProperties) = preSolution
		HideSolutionNode = FALSE
	EndGlobalSection
	GlobalSection(ExtensibilityGlobals) = postSolution
		SolutionGuid = {EE004E6C-1CC4-4323-9889-164338FC9F1D}
	EndGlobalSection
EndGlobal
